<?xml version="1.0" encoding="utf-8"?>
<Project ToolsVersion="4.0" xmlns="http://schemas.microsoft.com/developer/msbuild/2003">
  <ItemGroup>
    <Filter Include="Source Files">
      <UniqueIdentifier>{4FC737F1-C7A5-4376-A066-2A32D752A2FF}</UniqueIdentifier>
      <Extensions>cpp;c;cc;cxx;def;odl;idl;hpj;bat;asm;asmx</Extensions>
    </Filter>
    <Filter Include="Header Files">
      <UniqueIdentifier>{93995380-89BD-4b04-88EB-625FBE52EBFB}</UniqueIdentifier>
      <Extensions>h;hh;hpp;hxx;hm;inl;inc;xsd</Extensions>
    </Filter>
    <Filter Include="Resource Files">
      <UniqueIdentifier>{67DA6AB6-F800-4c08-8B7A-83BB121AAD01}</UniqueIdentifier>
      <Extensions>rc;ico;cur;bmp;dlg;rc2;rct;bin;rgs;gif;jpg;jpeg;jpe;resx;tiff;tif;png;wav;mfcribbon-ms</Extensions>
    </Filter>
    <Filter Include="Helpers">
      <UniqueIdentifier>{3f31aa09-8c2f-4f82-bf0d-04b59377bcdb}</UniqueIdentifier>
    </Filter>
    <Filter Include="Entities">
      <UniqueIdentifier>{72506418-73fe-4fcb-80ca-3d9e7872545d}</UniqueIdentifier>
    </Filter>
    <Filter Include="BVH">
      <UniqueIdentifier>{1250ff04-3010-4413-816c-b9ef67d2423e}</UniqueIdentifier>
    </Filter>
    <Filter Include="StateMachine">
      <UniqueIdentifier>{e42cc2b9-45f1-4350-8479-e22aa33a3779}</UniqueIdentifier>
    </Filter>
    <Filter Include="States">
      <UniqueIdentifier>{f1c17298-0542-4013-b5fa-5a8d844fa073}</UniqueIdentifier>
    </Filter>
    <Filter Include="Anim">
      <UniqueIdentifier>{8f3e6ba0-2c29-4952-bb13-9120305e8de3}</UniqueIdentifier>
    </Filter>
  </ItemGroup>
  <ItemGroup>
    <ClCompile Include="main.cpp">
      <Filter>Source Files</Filter>
    </ClCompile>
    <ClCompile Include="Helpers\GameTimer.cpp">
      <Filter>Helpers</Filter>
    </ClCompile>
    <ClCompile Include="BVH\BVH.cpp">
      <Filter>BVH</Filter>
    </ClCompile>
    <ClCompile Include="BaseEntity.cpp">
      <Filter>Entities</Filter>
    </ClCompile>
    <ClCompile Include="FSMSystem.cpp">
      <Filter>StateMachine</Filter>
    </ClCompile>
    <ClCompile Include="FSMState.cpp">
      <Filter>StateMachine</Filter>
    </ClCompile>
    <ClCompile Include="FSMTransition.cpp">
      <Filter>StateMachine</Filter>
    </ClCompile>
    <ClCompile Include="Camera.cpp">
      <Filter>Helpers</Filter>
    </ClCompile>
    <ClCompile Include="AnimPlayer.cpp">
      <Filter>Anim</Filter>
    </ClCompile>
    <ClCompile Include="Skeleton.cpp">
      <Filter>Anim</Filter>
    </ClCompile>
    <ClCompile Include="Bone.cpp">
      <Filter>Anim</Filter>
    </ClCompile>
    <ClCompile Include="AssetManager.cpp">
      <Filter>Helpers</Filter>
    </ClCompile>
    <ClCompile Include="Entities\EntityManager.cpp">
      <Filter>Entities</Filter>
    </ClCompile>
    <ClCompile Include="Anim.cpp">
      <Filter>Anim</Filter>
    </ClCompile>
    <ClCompile Include="Frame.cpp">
      <Filter>Anim</Filter>
    </ClCompile>
    <ClCompile Include="States\Karate01State.cpp">
      <Filter>States</Filter>
    </ClCompile>
    <ClCompile Include="MessageDispatch.cpp">
      <Filter>Helpers</Filter>
    </ClCompile>
    <ClCompile Include="States\Karate02State.cpp">
      <Filter>States</Filter>
    </ClCompile>
    <ClCompile Include="States\Karate03State.cpp">
      <Filter>States</Filter>
    </ClCompile>
    <ClCompile Include="States\Karate04State.cpp">
      <Filter>States</Filter>
    </ClCompile>
    <ClCompile Include="States\Karate05State.cpp">
      <Filter>States</Filter>
    </ClCompile>
    <ClCompile Include="States\Karate06State.cpp">
      <Filter>States</Filter>
    </ClCompile>
    <ClCompile Include="StarMan1.cpp">
      <Filter>Entities</Filter>
    </ClCompile>
    <ClCompile Include="StarMan2.cpp">
      <Filter>Entities</Filter>
    </ClCompile>
  </ItemGroup>
  <ItemGroup>
    <ClInclude Include="3Dutil.h">
      <Filter>Header Files</Filter>
    </ClInclude>
    <ClInclude Include="Helpers\GameTimer.h">
      <Filter>Helpers</Filter>
    </ClInclude>
    <ClInclude Include="BVH\BVH.h">
      <Filter>BVH</Filter>
    </ClInclude>
    <ClInclude Include="BaseEntity.h">
      <Filter>Entities</Filter>
    </ClInclude>
    <ClInclude Include="FSMSystem.h">
      <Filter>StateMachine</Filter>
    </ClInclude>
    <ClInclude Include="FSMState.h">
      <Filter>StateMachine</Filter>
    </ClInclude>
    <ClInclude Include="FSMTransition.h">
      <Filter>StateMachine</Filter>
    </ClInclude>
    <ClInclude Include="FSMStateID.h">
      <Filter>StateMachine</Filter>
    </ClInclude>
    <ClInclude Include="Camera.h">
      <Filter>Helpers</Filter>
    </ClInclude>
    <ClInclude Include="AnimPlayer.h">
      <Filter>Anim</Filter>
    </ClInclude>
    <ClInclude Include="Bone.h">
      <Filter>Anim</Filter>
    </ClInclude>
    <ClInclude Include="Skeleton.h">
      <Filter>Anim</Filter>
    </ClInclude>
    <ClInclude Include="EntityNames.h">
      <Filter>Entities</Filter>
    </ClInclude>
    <ClInclude Include="AssetManager.h">
      <Filter>Helpers</Filter>
    </ClInclude>
    <ClInclude Include="Entities\EntityManager.h">
      <Filter>Entities</Filter>
    </ClInclude>
    <ClInclude Include="Anim.h">
      <Filter>Anim</Filter>
    </ClInclude>
    <ClInclude Include="Frame.h">
      <Filter>Anim</Filter>
    </ClInclude>
    <ClInclude Include="EntityMessage.h">
      <Filter>Header Files</Filter>
    </ClInclude>
    <ClInclude Include="States\Karate01State.h">
      <Filter>States</Filter>
    </ClInclude>
    <ClInclude Include="MessageDispatch.h">
      <Filter>Helpers</Filter>
    </ClInclude>
    <ClInclude Include="KarateStates.h">
      <Filter>States</Filter>
    </ClInclude>
    <ClInclude Include="States\Karate02State.h">
      <Filter>States</Filter>
    </ClInclude>
    <ClInclude Include="States\Karate03State.h">
      <Filter>States</Filter>
    </ClInclude>
    <ClInclude Include="States\Karate04State.h">
      <Filter>States</Filter>
    </ClInclude>
    <ClInclude Include="States\Karate05State.h">
      <Filter>States</Filter>
    </ClInclude>
    <ClInclude Include="States\Karate06State.h">
      <Filter>States</Filter>
    </ClInclude>
    <ClInclude Include="StarMan1.h">
      <Filter>Entities</Filter>
    </ClInclude>
    <ClInclude Include="StarMan2.h">
      <Filter>Entities</Filter>
    </ClInclude>
  </ItemGroup>
</Project>